# THIS IS AN AUTOGENERATED FILE. DO NOT EDIT THIS FILE DIRECTLY.
# yarn lockfile v1
# bun ./bun.lockb --hash: E616CC4E4DD3A412-6d39c7a95be31838-F8C7C029AE05CA3E-0640a33a31408276


bun-types@^0.1.0:
  version "0.1.10"
  resolved "https://registry.npmjs.org/bun-types/-/bun-types-0.1.10.tgz"
  integrity sha512-86/syV1PqQg9YNkCa3YSspDvhIlWZ93rDWrQCnEBm2uXxWVw4yBA57RPpA37lA+Rs4qpo3Pfl0m+j0q6+dR5nQ==

prettier@^2.7.1:
  version "2.7.1"
  resolved "https://registry.npmjs.org/prettier/-/prettier-2.7.1.tgz"
  integrity sha512-ujppO+MkdPqoVINuDFDRLClm7D78qbDt0/NR+wp5FqEZOoTNAjPHWj17QRhu7geIHJfcNhRk1XVQmF8Bp3ye+g==

typescript@^4.8.2:
  version "4.8.2"
  resolved "https://registry.npmjs.org/typescript/-/typescript-4.8.2.tgz"
  integrity sha512-C0I1UsrrDHo2fYI5oaCGbSejwX4ch+9Y5jTQELvovfmFkK3HHSZJB8MSJcWLmCUBzQBchCrZ9rMRV6GuNrvGtw==
